{
  "name": "mdict-ts",
  "version": "1.0.0",
  "lockfileVersion": 1,
  "requires": true,
  "dependencies": {
    "@types/pako": {
      "version": "1.0.0",
      "resolved": "http://registry.npm.taobao.org/@types/pako/download/@types/pako-1.0.0.tgz",
      "integrity": "sha1-6q6DZNG391LiY7w/1o3+yY5hNsU="
    },
    "pako": {
      "version": "1.0.8",
      "resolved": "http://registry.npm.taobao.org/pako/download/pako-1.0.8.tgz",
      "integrity": "sha1-aESJCqucY1r4aK1f7MYuisu6PqQ="
    },
    "typescript": {
      "version": "3.3.3333",
      "resolved": "http://registry.npm.taobao.org/typescript/download/typescript-3.3.3333.tgz",
      "integrity": "sha1-FxssWvZsWelDEZkRejvK3Gb9z9Y=",
      "dev": true
    }
  }
}
